
Microsoft Visual Studio Solution File, Format Version 12.00
# Visual Studio Version 17
VisualStudioVersion = 17.8.34525.116
MinimumVisualStudioVersion = 10.0.40219.1
Project("{FAE04EC0-301F-11D3-BF4B-00C04F79EFBC}") = "Ödev3", "Ödev3.csproj", "{07D797AE-21C4-40C2-A9C2-DFE9D10E5FF2}"
EndProject
Global
	GlobalSection(SolutionConfigurationPlatforms) = preSolution
		Debug|Any CPU = Debug|Any CPU
		Release|Any CPU = Release|Any CPU
	EndGlobalSection
	GlobalSection(ProjectConfigurationPlatforms) = postSolution
		{07D797AE-21C4-40C2-A9C2-DFE9D10E5FF2}.Debug|Any CPU.ActiveCfg = Debug|Any CPU
		{07D797AE-21C4-40C2-A9C2-DFE9D10E5FF2}.Debug|Any CPU.Build.0 = Debug|Any CPU
		{07D797AE-21C4-40C2-A9C2-DFE9D10E5FF2}.Release|Any CPU.ActiveCfg = Release|Any CPU
		{07D797AE-21C4-40C2-A9C2-DFE9D10E5FF2}.Release|Any CPU.Build.0 = Release|Any CPU
	EndGlobalSection
	GlobalSection(SolutionProperties) = preSolution
		HideSolutionNode = FALSE
	EndGlobalSection
	GlobalSection(ExtensibilityGlobals) = postSolution
		SolutionGuid = {2B2574C3-692E-43DD-A252-A23E91355D42}
	EndGlobalSection
EndGlobal
